
Microsoft Visual Studio Solution File, Format Version 12.00
# Visual Studio Version 17
VisualStudioVersion = 17.1.32421.90
MinimumVisualStudioVersion = 10.0.40219.1
Project("{FAE04EC0-301F-11D3-BF4B-00C04F79EFBC}") = "WebDriverWaitExamples", "WebDriverWaitExample\WebDriverWaitExamples.csproj", "{00B343EB-1C2A-41DF-B3E4-87005EE6E324}"
EndProject
Global
	GlobalSection(SolutionConfigurationPlatforms) = preSolution
		Debug|Any CPU = Debug|Any CPU
		Release|Any CPU = Release|Any CPU
	EndGlobalSection
	GlobalSection(ProjectConfigurationPlatforms) = postSolution
		{00B343EB-1C2A-41DF-B3E4-87005EE6E324}.Debug|Any CPU.ActiveCfg = Debug|Any CPU
		{00B343EB-1C2A-41DF-B3E4-87005EE6E324}.Debug|Any CPU.Build.0 = Debug|Any CPU
		{00B343EB-1C2A-41DF-B3E4-87005EE6E324}.Release|Any CPU.ActiveCfg = Release|Any CPU
		{00B343EB-1C2A-41DF-B3E4-87005EE6E324}.Release|Any CPU.Build.0 = Release|Any CPU
	EndGlobalSection
	GlobalSection(SolutionProperties) = preSolution
		HideSolutionNode = FALSE
	EndGlobalSection
	GlobalSection(ExtensibilityGlobals) = postSolution
		SolutionGuid = {6126763C-4276-43EC-99D3-210CECF4F21B}
	EndGlobalSection
EndGlobal
